
Microsoft Visual Studio Solution File, Format Version 12.00
# Visual Studio Version 16
VisualStudioVersion = 16.0.33529.622
MinimumVisualStudioVersion = 10.0.40219.1
Project("{FAE04EC0-301F-11D3-BF4B-00C04F79EFBC}") = "KlasserDtngSak", "KlasserDtngSak\KlasserDtngSak.csproj", "{362F09F4-250D-44D9-94B6-959314DF8215}"
EndProject
Global
	GlobalSection(SolutionConfigurationPlatforms) = preSolution
		Debug|Any CPU = Debug|Any CPU
		Release|Any CPU = Release|Any CPU
	EndGlobalSection
	GlobalSection(ProjectConfigurationPlatforms) = postSolution
		{362F09F4-250D-44D9-94B6-959314DF8215}.Debug|Any CPU.ActiveCfg = Debug|Any CPU
		{362F09F4-250D-44D9-94B6-959314DF8215}.Debug|Any CPU.Build.0 = Debug|Any CPU
		{362F09F4-250D-44D9-94B6-959314DF8215}.Release|Any CPU.ActiveCfg = Release|Any CPU
		{362F09F4-250D-44D9-94B6-959314DF8215}.Release|Any CPU.Build.0 = Release|Any CPU
	EndGlobalSection
	GlobalSection(SolutionProperties) = preSolution
		HideSolutionNode = FALSE
	EndGlobalSection
	GlobalSection(ExtensibilityGlobals) = postSolution
		SolutionGuid = {11E62427-CB10-42FA-B6B7-DBC71CFE26F7}
	EndGlobalSection
EndGlobal
