
Microsoft Visual Studio Solution File, Format Version 12.00
# Visual Studio Version 16
VisualStudioVersion = 16.0.33529.622
MinimumVisualStudioVersion = 10.0.40219.1
Project("{FAE04EC0-301F-11D3-BF4B-00C04F79EFBC}") = "7.2", "7.2.csproj", "{5B95AFC7-C741-4EA6-B22C-0290BAA758C1}"
EndProject
Global
	GlobalSection(SolutionConfigurationPlatforms) = preSolution
		Debug|Any CPU = Debug|Any CPU
		Release|Any CPU = Release|Any CPU
	EndGlobalSection
	GlobalSection(ProjectConfigurationPlatforms) = postSolution
		{5B95AFC7-C741-4EA6-B22C-0290BAA758C1}.Debug|Any CPU.ActiveCfg = Debug|Any CPU
		{5B95AFC7-C741-4EA6-B22C-0290BAA758C1}.Debug|Any CPU.Build.0 = Debug|Any CPU
		{5B95AFC7-C741-4EA6-B22C-0290BAA758C1}.Release|Any CPU.ActiveCfg = Release|Any CPU
		{5B95AFC7-C741-4EA6-B22C-0290BAA758C1}.Release|Any CPU.Build.0 = Release|Any CPU
	EndGlobalSection
	GlobalSection(SolutionProperties) = preSolution
		HideSolutionNode = FALSE
	EndGlobalSection
	GlobalSection(ExtensibilityGlobals) = postSolution
		SolutionGuid = {4BBA580D-0437-486B-A758-950EFAC81F33}
	EndGlobalSection
EndGlobal
