
Microsoft Visual Studio Solution File, Format Version 12.00
# Visual Studio Version 17
VisualStudioVersion = 17.8.34330.188
MinimumVisualStudioVersion = 10.0.40219.1
Project("{FAE04EC0-301F-11D3-BF4B-00C04F79EFBC}") = "V5", "V5\V5.csproj", "{053688B0-B2AD-4309-9237-6E3AE30C5DCF}"
EndProject
Global
	GlobalSection(SolutionConfigurationPlatforms) = preSolution
		Debug|Any CPU = Debug|Any CPU
		Release|Any CPU = Release|Any CPU
	EndGlobalSection
	GlobalSection(ProjectConfigurationPlatforms) = postSolution
		{053688B0-B2AD-4309-9237-6E3AE30C5DCF}.Debug|Any CPU.ActiveCfg = Debug|Any CPU
		{053688B0-B2AD-4309-9237-6E3AE30C5DCF}.Debug|Any CPU.Build.0 = Debug|Any CPU
		{053688B0-B2AD-4309-9237-6E3AE30C5DCF}.Release|Any CPU.ActiveCfg = Release|Any CPU
		{053688B0-B2AD-4309-9237-6E3AE30C5DCF}.Release|Any CPU.Build.0 = Release|Any CPU
	EndGlobalSection
	GlobalSection(SolutionProperties) = preSolution
		HideSolutionNode = FALSE
	EndGlobalSection
	GlobalSection(ExtensibilityGlobals) = postSolution
		SolutionGuid = {2BA418C5-3F2D-47BF-A633-541FD03115D2}
	EndGlobalSection
EndGlobal
